{
  "name": "untitled folder",
  "lockfileVersion": 3,
  "requires": true,
  "packages": {
    "": {
      "dependencies": {
        "@paypal/paypal-js": "^7.1.1"
      }
    },
    "node_modules/@paypal/paypal-js": {
      "version": "7.1.1",
      "resolved": "https://registry.npmjs.org/@paypal/paypal-js/-/paypal-js-7.1.1.tgz",
      "integrity": "sha512-fVpExBrHINGHsyODYKBXSMinxrgPKzmVW7ZCaCqUaMl7kTSR1ZsVi2IhgLvsPpXF4LWSAMkPTP/J6aetQ6ZlNA==",
      "dependencies": {
        "promise-polyfill": "^8.3.0"
      }
    },
    "node_modules/promise-polyfill": {
      "version": "8.3.0",
      "resolved": "https://registry.npmjs.org/promise-polyfill/-/promise-polyfill-8.3.0.tgz",
      "integrity": "sha512-H5oELycFml5yto/atYqmjyigJoAo3+OXwolYiH7OfQuYlAqhxNvTfiNMbV9hsC6Yp83yE5r2KTVmtrG6R9i6Pg=="
    }
  }
}
